PODS:
  - MJRefresh (3.1.15)
  - ZFListView (0.0.3)

DEPENDENCIES:
  - MJRefresh
  - ZFListView (from `ZFListView.podspec`)

SPEC REPOS:
  https://github.com/cocoapods/specs.git:
    - MJRefresh

EXTERNAL SOURCES:
  ZFListView:
    :path: ZFListView.podspec

SPEC CHECKSUMS:
  MJRefresh: 9af70f5f9327a2cf87f0fb5929f35fcc2fa638ea
  ZFListView: c4711cc53da0a68f9f17495ce1dbdaa76d09acf8

PODFILE CHECKSUM: 43310f8cbddedd9cfcf9c7e7c7876f3434fb7551

COCOAPODS: 1.7.2
